
Microsoft Visual Studio Solution File, Format Version 12.00
# Visual Studio Version 17
VisualStudioVersion = 17.0.31903.59
MinimumVisualStudioVersion = 10.0.40219.1
Project("{FAE04EC0-301F-11D3-BF4B-00C04F79EFBC}") = "Palindrome", "Palindrome\Palindrome.csproj", "{169B5EC7-E708-4ED5-BAC9-1AA97286AC61}"
EndProject
Project("{FAE04EC0-301F-11D3-BF4B-00C04F79EFBC}") = "MultipleStuff", "MultipleStuff\MultipleStuff.csproj", "{5F54F374-4023-4FAC-A68F-91FF1D1A829A}"
EndProject
Global
	GlobalSection(SolutionConfigurationPlatforms) = preSolution
		Debug|Any CPU = Debug|Any CPU
		Release|Any CPU = Release|Any CPU
	EndGlobalSection
	GlobalSection(SolutionProperties) = preSolution
		HideSolutionNode = FALSE
	EndGlobalSection
	GlobalSection(ProjectConfigurationPlatforms) = postSolution
		{169B5EC7-E708-4ED5-BAC9-1AA97286AC61}.Debug|Any CPU.ActiveCfg = Debug|Any CPU
		{169B5EC7-E708-4ED5-BAC9-1AA97286AC61}.Debug|Any CPU.Build.0 = Debug|Any CPU
		{169B5EC7-E708-4ED5-BAC9-1AA97286AC61}.Release|Any CPU.ActiveCfg = Release|Any CPU
		{169B5EC7-E708-4ED5-BAC9-1AA97286AC61}.Release|Any CPU.Build.0 = Release|Any CPU
		{5F54F374-4023-4FAC-A68F-91FF1D1A829A}.Debug|Any CPU.ActiveCfg = Debug|Any CPU
		{5F54F374-4023-4FAC-A68F-91FF1D1A829A}.Debug|Any CPU.Build.0 = Debug|Any CPU
		{5F54F374-4023-4FAC-A68F-91FF1D1A829A}.Release|Any CPU.ActiveCfg = Release|Any CPU
		{5F54F374-4023-4FAC-A68F-91FF1D1A829A}.Release|Any CPU.Build.0 = Release|Any CPU
	EndGlobalSection
EndGlobal
